
Microsoft Visual Studio Solution File, Format Version 12.00
# Visual Studio Version 17
VisualStudioVersion = 17.4.33213.308
MinimumVisualStudioVersion = 10.0.40219.1
Project("{FAE04EC0-301F-11D3-BF4B-00C04F79EFBC}") = "Navigation", "Navigation\Navigation.csproj", "{DFE355FC-3693-4D4C-8ED1-F8D79FC90C3D}"
EndProject
Global
	GlobalSection(SolutionConfigurationPlatforms) = preSolution
		Debug|ARM = Debug|ARM
		Debug|ARM64 = Debug|ARM64
		Debug|x64 = Debug|x64
		Debug|x86 = Debug|x86
		Release|ARM = Release|ARM
		Release|ARM64 = Release|ARM64
		Release|x64 = Release|x64
		Release|x86 = Release|x86
	EndGlobalSection
	GlobalSection(ProjectConfigurationPlatforms) = postSolution
		{DFE355FC-3693-4D4C-8ED1-F8D79FC90C3D}.Debug|ARM.ActiveCfg = Debug|ARM
		{DFE355FC-3693-4D4C-8ED1-F8D79FC90C3D}.Debug|ARM.Build.0 = Debug|ARM
		{DFE355FC-3693-4D4C-8ED1-F8D79FC90C3D}.Debug|ARM.Deploy.0 = Debug|ARM
		{DFE355FC-3693-4D4C-8ED1-F8D79FC90C3D}.Debug|ARM64.ActiveCfg = Debug|ARM64
		{DFE355FC-3693-4D4C-8ED1-F8D79FC90C3D}.Debug|ARM64.Build.0 = Debug|ARM64
		{DFE355FC-3693-4D4C-8ED1-F8D79FC90C3D}.Debug|ARM64.Deploy.0 = Debug|ARM64
		{DFE355FC-3693-4D4C-8ED1-F8D79FC90C3D}.Debug|x64.ActiveCfg = Debug|x64
		{DFE355FC-3693-4D4C-8ED1-F8D79FC90C3D}.Debug|x64.Build.0 = Debug|x64
		{DFE355FC-3693-4D4C-8ED1-F8D79FC90C3D}.Debug|x64.Deploy.0 = Debug|x64
		{DFE355FC-3693-4D4C-8ED1-F8D79FC90C3D}.Debug|x86.ActiveCfg = Debug|x86
		{DFE355FC-3693-4D4C-8ED1-F8D79FC90C3D}.Debug|x86.Build.0 = Debug|x86
		{DFE355FC-3693-4D4C-8ED1-F8D79FC90C3D}.Debug|x86.Deploy.0 = Debug|x86
		{DFE355FC-3693-4D4C-8ED1-F8D79FC90C3D}.Release|ARM.ActiveCfg = Release|ARM
		{DFE355FC-3693-4D4C-8ED1-F8D79FC90C3D}.Release|ARM.Build.0 = Release|ARM
		{DFE355FC-3693-4D4C-8ED1-F8D79FC90C3D}.Release|ARM.Deploy.0 = Release|ARM
		{DFE355FC-3693-4D4C-8ED1-F8D79FC90C3D}.Release|ARM64.ActiveCfg = Release|ARM64
		{DFE355FC-3693-4D4C-8ED1-F8D79FC90C3D}.Release|ARM64.Build.0 = Release|ARM64
		{DFE355FC-3693-4D4C-8ED1-F8D79FC90C3D}.Release|ARM64.Deploy.0 = Release|ARM64
		{DFE355FC-3693-4D4C-8ED1-F8D79FC90C3D}.Release|x64.ActiveCfg = Release|x64
		{DFE355FC-3693-4D4C-8ED1-F8D79FC90C3D}.Release|x64.Build.0 = Release|x64
		{DFE355FC-3693-4D4C-8ED1-F8D79FC90C3D}.Release|x64.Deploy.0 = Release|x64
		{DFE355FC-3693-4D4C-8ED1-F8D79FC90C3D}.Release|x86.ActiveCfg = Release|x86
		{DFE355FC-3693-4D4C-8ED1-F8D79FC90C3D}.Release|x86.Build.0 = Release|x86
		{DFE355FC-3693-4D4C-8ED1-F8D79FC90C3D}.Release|x86.Deploy.0 = Release|x86
	EndGlobalSection
	GlobalSection(SolutionProperties) = preSolution
		HideSolutionNode = FALSE
	EndGlobalSection
	GlobalSection(ExtensibilityGlobals) = postSolution
		SolutionGuid = {2BD0F7FA-AF22-4493-A6A5-B1BC764437EE}
	EndGlobalSection
EndGlobal
